{
  "name": "DiscordDam",
  "lockfileVersion": 3,
  "requires": true,
  "packages": {
    "": {
      "dependencies": {
        "@dietrichgebert/ponytail": "^4.10.1"
      }
    },
    "node_modules/@dietrichgebert/ponytail": {
      "version": "4.10.1",
      "resolved": "https://registry.npmjs.org/@dietrichgebert/ponytail/-/ponytail-4.10.1.tgz",
      "integrity": "sha512-AubPe8TurHz8MwRPHe07viho4CDV5jYimi1b51DQA+GKpV0lVAb16jIolki5LXpHU0Pe9a/PahlYp4CB4/M8Qw==",
      "license": "MIT"
    }
  }
}
